
Microsoft Visual Studio Solution File, Format Version 12.00
# Visual Studio 15
VisualStudioVersion = 15.0.26730.16
MinimumVisualStudioVersion = 10.0.40219.1
Project("{E24C65DC-7377-472B-9ABA-BC803B73C61A}") = "login_password", "..\..\WebSites\login_password\", "{AD5B5152-7FFB-4704-AC19-BE4FD2396162}"
	ProjectSection(WebsiteProperties) = preProject
		TargetFrameworkMoniker = ".NETFramework,Version%3Dv4.6.1"
		Debug.AspNetCompiler.VirtualPath = "/localhost_55727"
		Debug.AspNetCompiler.PhysicalPath = "..\..\WebSites\login_password\"
		Debug.AspNetCompiler.TargetPath = "PrecompiledWeb\localhost_55727\"
		Debug.AspNetCompiler.Updateable = "true"
		Debug.AspNetCompiler.ForceOverwrite = "true"
		Debug.AspNetCompiler.FixedNames = "false"
		Debug.AspNetCompiler.Debug = "True"
		Release.AspNetCompiler.VirtualPath = "/localhost_55727"
		Release.AspNetCompiler.PhysicalPath = "..\..\WebSites\login_password\"
		Release.AspNetCompiler.TargetPath = "PrecompiledWeb\localhost_55727\"
		Release.AspNetCompiler.Updateable = "true"
		Release.AspNetCompiler.ForceOverwrite = "true"
		Release.AspNetCompiler.FixedNames = "false"
		Release.AspNetCompiler.Debug = "False"
		VWDPort = "55727"
		SlnRelativePath = "..\..\WebSites\login_password\"
		DefaultWebSiteLanguage = "Visual C#"
	EndProjectSection
EndProject
Global
	GlobalSection(SolutionConfigurationPlatforms) = preSolution
		Debug|Any CPU = Debug|Any CPU
	EndGlobalSection
	GlobalSection(ProjectConfigurationPlatforms) = postSolution
		{AD5B5152-7FFB-4704-AC19-BE4FD2396162}.Debug|Any CPU.ActiveCfg = Debug|Any CPU
		{AD5B5152-7FFB-4704-AC19-BE4FD2396162}.Debug|Any CPU.Build.0 = Debug|Any CPU
	EndGlobalSection
	GlobalSection(SolutionProperties) = preSolution
		HideSolutionNode = FALSE
	EndGlobalSection
	GlobalSection(ExtensibilityGlobals) = postSolution
		SolutionGuid = {2196DABA-92D8-464F-889C-AED1C2EB9B8C}
	EndGlobalSection
EndGlobal
